DEPENDENCIES
  wma_nfs
    path: .
    metadata: true

GRAPH
  filesystem (0.12.0)
    lvm (>= 1.1)
  iptables (4.3.0)
  line (1.0.3)
  lvm (4.1.9)
  nfs (2.4.1)
    line (>= 0.0.0)
    sysctl (>= 0.0.0)
  ohai (5.2.0)
  sysctl (0.10.2)
    ohai (>= 4.0)
  wma_nfs (0.0.1)
    filesystem (>= 0.0.0)
    iptables (>= 0.0.0)
    nfs (>= 0.0.0)
